<?xml version="1.0" encoding="utf-8"?>
<Project ToolsVersion="4.0" xmlns="http://schemas.microsoft.com/developer/msbuild/2003">
  <ItemGroup>
    <Filter Include="Assets">
      <UniqueIdentifier>340ae0dd-2fae-400e-aa80-cdc544943cef</UniqueIdentifier>
      <Extensions>ico;cur;bmp;dds;dlg;fbx;rct;bin;rgs;gif;jpg;jpeg;jpe;resx;tga;tiff;tif;png;wav;mfcribbon-ms</Extensions>
    </Filter>
    <Filter Include="Game">
      <UniqueIdentifier>{533ed26f-6b2c-4167-bdaa-aa207a41e75b}</UniqueIdentifier>
    </Filter>
    <Filter Include="Game\Scene">
      <UniqueIdentifier>{c5d428fc-2f05-4692-bbd8-468602e4a499}</UniqueIdentifier>
    </Filter>
    <Filter Include="Game\GameObjects">
      <UniqueIdentifier>{50bed4f6-619a-4c29-93c7-5541ef9a97d5}</UniqueIdentifier>
    </Filter>
    <Filter Include="Game\GameObjects\Background">
      <UniqueIdentifier>{35e8e93f-321b-4ac2-8517-60846a5be08a}</UniqueIdentifier>
    </Filter>
    <Filter Include="ThirdParty">
      <UniqueIdentifier>{3e778e69-dcde-415c-997c-b67df2a9ad36}</UniqueIdentifier>
    </Filter>
    <Filter Include="Game\GameObjects\Skill">
      <UniqueIdentifier>{7361aaca-14e5-4ba5-b135-f580291115b7}</UniqueIdentifier>
    </Filter>
    <Filter Include="Game\GameObjects\Controller">
      <UniqueIdentifier>{e21dd3c6-142b-4016-9b5a-17fa06da92d5}</UniqueIdentifier>
    </Filter>
    <Filter Include="Game\Shaders">
      <UniqueIdentifier>{450cf8f8-b4ff-4ef4-a687-a940610c5d0f}</UniqueIdentifier>
    </Filter>
    <Filter Include="Library">
      <UniqueIdentifier>{bd2c5b11-528b-494e-965d-92df171c5e9d}</UniqueIdentifier>
    </Filter>
    <Filter Include="Game\Utilities">
      <UniqueIdentifier>{c0281307-09f4-4a89-8bf6-749f16e99b20}</UniqueIdentifier>
    </Filter>
  </ItemGroup>
  <ItemGroup>
    <ClInclude Include="pch.h" />
    <ClInclude Include="library\ResourceManager.h">
      <Filter>Library</Filter>
    </ClInclude>
    <ClInclude Include="library\SceneManager.h">
      <Filter>Library</Filter>
    </ClInclude>
    <ClInclude Include="Game\Scene\GameplayScene.h">
      <Filter>Game\Scene</Filter>
    </ClInclude>
    <ClInclude Include="Game\GameObjects\FloorPrimitive.h">
      <Filter>Game\GameObjects</Filter>
    </ClInclude>
    <ClInclude Include="ThirdParty\StepTimer.h">
      <Filter>ThirdParty</Filter>
    </ClInclude>
    <ClInclude Include="ThirdParty\DeviceResources.h">
      <Filter>ThirdParty</Filter>
    </ClInclude>
    <ClInclude Include="ThirdParty\ReadData.h">
      <Filter>ThirdParty</Filter>
    </ClInclude>
    <ClInclude Include="ThirdParty\DebugDraw.h">
      <Filter>ThirdParty</Filter>
    </ClInclude>
    <ClInclude Include="library\UserResources.h">
      <Filter>Library</Filter>
    </ClInclude>
    <ClInclude Include="library\TransitionMask.h">
      <Filter>Library</Filter>
    </ClInclude>
    <ClInclude Include="Game\GameObjects\Background\Background.h">
      <Filter>Game\GameObjects\Background</Filter>
    </ClInclude>
    <ClInclude Include="Game\GameObjects\Controller\IControll.h">
      <Filter>Game\GameObjects\Controller</Filter>
    </ClInclude>
    <ClInclude Include="Game\GameObjects\Controller\PlayerController.h">
      <Filter>Game\GameObjects\Controller</Filter>
    </ClInclude>
    <ClInclude Include="Game\GameObjects\Character.h">
      <Filter>Game\GameObjects</Filter>
    </ClInclude>
    <ClInclude Include="Game\GameObjects\Skill\RushSkill.h">
      <Filter>Game\GameObjects\Skill</Filter>
    </ClInclude>
    <ClInclude Include="Game\GameObjects\Skill\GustSkill.h">
      <Filter>Game\GameObjects\Skill</Filter>
    </ClInclude>
    <ClInclude Include="Game\GameObjects\Skill\SkillFactory.h">
      <Filter>Game\GameObjects\Skill</Filter>
    </ClInclude>
    <ClInclude Include="Game\GameObjects\Skill\Skill.h">
      <Filter>Game\GameObjects\Skill</Filter>
    </ClInclude>
    <ClInclude Include="Game\GameObjects\Skill\TornadoSkill.h">
      <Filter>Game\GameObjects\Skill</Filter>
    </ClInclude>
    <ClInclude Include="Game\GameObjects\Controller\EnemyController.h">
      <Filter>Game\GameObjects\Controller</Filter>
    </ClInclude>
    <ClInclude Include="library\UserInterface.h">
      <Filter>Library</Filter>
    </ClInclude>
    <ClInclude Include="library\BinaryFile.h">
      <Filter>Library</Filter>
    </ClInclude>
    <ClInclude Include="Game\Game.h">
      <Filter>Game</Filter>
    </ClInclude>
    <ClInclude Include="ThirdParty\RenderTexture.h">
      <Filter>ThirdParty</Filter>
    </ClInclude>
    <ClInclude Include="Game\GameObjects\Skill\Gauge.h">
      <Filter>Game\GameObjects\Skill</Filter>
    </ClInclude>
    <ClInclude Include="Game\Scene\ResultScene.h">
      <Filter>Game\Scene</Filter>
    </ClInclude>
    <ClInclude Include="Game\Scene\TitleScene.h">
      <Filter>Game\Scene</Filter>
    </ClInclude>
    <ClInclude Include="Game\Utilities\CollisionManager.h">
      <Filter>Game\Utilities</Filter>
    </ClInclude>
    <ClInclude Include="Game\Utilities\SituationScanner.h">
      <Filter>Game\Utilities</Filter>
    </ClInclude>
    <ClInclude Include="Library\Button.h">
      <Filter>Library</Filter>
    </ClInclude>
    <ClInclude Include="Library\ButtonManager.h">
      <Filter>Library</Filter>
    </ClInclude>
    <ClInclude Include="Game\Utilities\ParticleUtility.h">
      <Filter>Game\Utilities</Filter>
    </ClInclude>
    <ClInclude Include="Game\Utilities\Particle.h">
      <Filter>Game\Utilities</Filter>
    </ClInclude>
    <ClInclude Include="Library\BaseRenderer.h">
      <Filter>Library</Filter>
    </ClInclude>
  </ItemGroup>
  <ItemGroup>
    <ClCompile Include="pch.cpp" />
    <ClCompile Include="Main.cpp" />
    <ClCompile Include="library\ResourceManager.cpp">
      <Filter>Library</Filter>
    </ClCompile>
    <ClCompile Include="Game\Scene\GameplayScene.cpp">
      <Filter>Game\Scene</Filter>
    </ClCompile>
    <ClCompile Include="Game\GameObjects\FloorPrimitive.cpp">
      <Filter>Game\GameObjects</Filter>
    </ClCompile>
    <ClCompile Include="ThirdParty\DeviceResources.cpp">
      <Filter>ThirdParty</Filter>
    </ClCompile>
    <ClCompile Include="ThirdParty\DebugDraw.cpp">
      <Filter>ThirdParty</Filter>
    </ClCompile>
    <ClCompile Include="library\TransitionMask.cpp">
      <Filter>Library</Filter>
    </ClCompile>
    <ClCompile Include="Game\GameObjects\Background\Background.cpp">
      <Filter>Game\GameObjects\Background</Filter>
    </ClCompile>
    <ClCompile Include="Game\GameObjects\Controller\PlayerController.cpp">
      <Filter>Game\GameObjects\Controller</Filter>
    </ClCompile>
    <ClCompile Include="Game\GameObjects\Character.cpp">
      <Filter>Game\GameObjects</Filter>
    </ClCompile>
    <ClCompile Include="Game\GameObjects\Skill\RushSkill.cpp">
      <Filter>Game\GameObjects\Skill</Filter>
    </ClCompile>
    <ClCompile Include="Game\GameObjects\Skill\GustSkill.cpp">
      <Filter>Game\GameObjects\Skill</Filter>
    </ClCompile>
    <ClCompile Include="Game\GameObjects\Skill\SkillFactory.cpp">
      <Filter>Game\GameObjects\Skill</Filter>
    </ClCompile>
    <ClCompile Include="Game\GameObjects\Skill\TornadoSkill.cpp">
      <Filter>Game\GameObjects\Skill</Filter>
    </ClCompile>
    <ClCompile Include="Game\GameObjects\Controller\EnemyController.cpp">
      <Filter>Game\GameObjects\Controller</Filter>
    </ClCompile>
    <ClCompile Include="library\UserInterface.cpp">
      <Filter>Library</Filter>
    </ClCompile>
    <ClCompile Include="library\BinaryFile.cpp">
      <Filter>Library</Filter>
    </ClCompile>
    <ClCompile Include="Game\Game.cpp">
      <Filter>Game</Filter>
    </ClCompile>
    <ClCompile Include="ThirdParty\RenderTexture.cpp">
      <Filter>ThirdParty</Filter>
    </ClCompile>
    <ClCompile Include="Game\GameObjects\Skill\Gauge.cpp">
      <Filter>Game\GameObjects\Skill</Filter>
    </ClCompile>
    <ClCompile Include="Game\Scene\ResultScene.cpp">
      <Filter>Game\Scene</Filter>
    </ClCompile>
    <ClCompile Include="Game\Scene\TitleScene.cpp">
      <Filter>Game\Scene</Filter>
    </ClCompile>
    <ClCompile Include="Library\Button.cpp">
      <Filter>Library</Filter>
    </ClCompile>
    <ClCompile Include="Library\ButtonManager.cpp">
      <Filter>Library</Filter>
    </ClCompile>
    <ClCompile Include="Game\Utilities\ParticleUtility.cpp">
      <Filter>Game\Utilities</Filter>
    </ClCompile>
    <ClCompile Include="Game\Utilities\Particle.cpp">
      <Filter>Game\Utilities</Filter>
    </ClCompile>
    <ClCompile Include="Library\BaseRenderer.cpp">
      <Filter>Library</Filter>
    </ClCompile>
  </ItemGroup>
  <ItemGroup>
    <ResourceCompile Include="resource.rc" />
  </ItemGroup>
  <ItemGroup>
    <Image Include="Okkochikara.ico">
      <Filter>Assets</Filter>
    </Image>
  </ItemGroup>
  <ItemGroup>
    <Manifest Include="settings.manifest">
      <Filter>Assets</Filter>
    </Manifest>
  </ItemGroup>
  <ItemGroup>
    <None Include="Game\Shaders\Background.hlsli">
      <Filter>Game\Shaders</Filter>
    </None>
    <None Include="Game\Shaders\Gauge.hlsli">
      <Filter>Game\Shaders</Filter>
    </None>
    <None Include="packages.config" />
    <None Include="Game\Shaders\Particle.hlsli">
      <Filter>Game\Shaders</Filter>
    </None>
  </ItemGroup>
  <ItemGroup>
    <FxCompile Include="Game\Shaders\BackgroundGS.hlsl">
      <Filter>Game\Shaders</Filter>
    </FxCompile>
    <FxCompile Include="Game\Shaders\BackgroundPS.hlsl">
      <Filter>Game\Shaders</Filter>
    </FxCompile>
    <FxCompile Include="Game\Shaders\BackgroundVS.hlsl">
      <Filter>Game\Shaders</Filter>
    </FxCompile>
    <FxCompile Include="Game\Shaders\GaugeGS.hlsl">
      <Filter>Game\Shaders</Filter>
    </FxCompile>
    <FxCompile Include="Game\Shaders\GaugePS.hlsl">
      <Filter>Game\Shaders</Filter>
    </FxCompile>
    <FxCompile Include="Game\Shaders\GaugeVS.hlsl">
      <Filter>Game\Shaders</Filter>
    </FxCompile>
    <FxCompile Include="Game\Shaders\FadePS.hlsl">
      <Filter>Game\Shaders</Filter>
    </FxCompile>
    <FxCompile Include="Game\Shaders\TornadoPS.hlsl">
      <Filter>Game\Shaders</Filter>
    </FxCompile>
    <FxCompile Include="Game\Shaders\TornadoVS.hlsl">
      <Filter>Game\Shaders</Filter>
    </FxCompile>
    <FxCompile Include="Game\Shaders\ParticleGS.hlsl">
      <Filter>Game\Shaders</Filter>
    </FxCompile>
    <FxCompile Include="Game\Shaders\ParticlePS.hlsl">
      <Filter>Game\Shaders</Filter>
    </FxCompile>
    <FxCompile Include="Game\Shaders\ParticleVS.hlsl">
      <Filter>Game\Shaders</Filter>
    </FxCompile>
  </ItemGroup>
</Project>